
Microsoft Visual Studio Solution File, Format Version 12.00
# Visual Studio Version 16
VisualStudioVersion = 16.0.33927.289
MinimumVisualStudioVersion = 10.0.40219.1
Project("{FAE04EC0-301F-11D3-BF4B-00C04F79EFBC}") = "YmodenOnBluetoolthLE", "YmodenOnBluetoolthLE.csproj", "{52BF836D-C419-4D54-8E85-4FCB462A7DFF}"
EndProject
Global
	GlobalSection(SolutionConfigurationPlatforms) = preSolution
		Debug|Any CPU = Debug|Any CPU
		Release|Any CPU = Release|Any CPU
	EndGlobalSection
	GlobalSection(ProjectConfigurationPlatforms) = postSolution
		{52BF836D-C419-4D54-8E85-4FCB462A7DFF}.Debug|Any CPU.ActiveCfg = Debug|Any CPU
		{52BF836D-C419-4D54-8E85-4FCB462A7DFF}.Debug|Any CPU.Build.0 = Debug|Any CPU
		{52BF836D-C419-4D54-8E85-4FCB462A7DFF}.Release|Any CPU.ActiveCfg = Release|Any CPU
		{52BF836D-C419-4D54-8E85-4FCB462A7DFF}.Release|Any CPU.Build.0 = Release|Any CPU
	EndGlobalSection
	GlobalSection(SolutionProperties) = preSolution
		HideSolutionNode = FALSE
	EndGlobalSection
	GlobalSection(ExtensibilityGlobals) = postSolution
		SolutionGuid = {56806AFB-7022-4B16-A0D5-75B2B05BCA08}
	EndGlobalSection
EndGlobal
